
Microsoft Visual Studio Solution File, Format Version 12.00
# Visual Studio Version 16
VisualStudioVersion = 25.0.1705.0
MinimumVisualStudioVersion = 10.0.40219.1
Project("{FAE04EC0-301F-11D3-BF4B-00C04F79EFBC}") = "ScadGenerator", "ScadGenerator.csproj", "{804448FB-E932-4BF4-B18A-4A9BACF5AE5B}"
EndProject
Global
	GlobalSection(SolutionConfigurationPlatforms) = preSolution
		Debug|Any CPU = Debug|Any CPU
		Release|Any CPU = Release|Any CPU
	EndGlobalSection
	GlobalSection(ProjectConfigurationPlatforms) = postSolution
		{804448FB-E932-4BF4-B18A-4A9BACF5AE5B}.Debug|Any CPU.ActiveCfg = Debug|Any CPU
		{804448FB-E932-4BF4-B18A-4A9BACF5AE5B}.Debug|Any CPU.Build.0 = Debug|Any CPU
		{804448FB-E932-4BF4-B18A-4A9BACF5AE5B}.Release|Any CPU.ActiveCfg = Release|Any CPU
		{804448FB-E932-4BF4-B18A-4A9BACF5AE5B}.Release|Any CPU.Build.0 = Release|Any CPU
	EndGlobalSection
	GlobalSection(SolutionProperties) = preSolution
		HideSolutionNode = FALSE
	EndGlobalSection
	GlobalSection(ExtensibilityGlobals) = postSolution
		SolutionGuid = {47C36C8A-A2CA-4486-9659-8B672D45D5D9}
	EndGlobalSection
EndGlobal
